
Microsoft Visual Studio Solution File, Format Version 12.00
# Visual Studio Version 16
VisualStudioVersion = 16.0.31112.23
MinimumVisualStudioVersion = 15.0.26124.0
Project("{9A19103F-16F7-4668-BE54-9A1E7A4F7556}") = "ProjectCdk", "ProjectCdk\ProjectCdk.csproj", "{503EAC82-8FF2-409C-8E3B-51ABCEF34116}"
EndProject
Global
	GlobalSection(SolutionConfigurationPlatforms) = preSolution
		Debug|Any CPU = Debug|Any CPU
		Debug|x64 = Debug|x64
		Debug|x86 = Debug|x86
		Release|Any CPU = Release|Any CPU
		Release|x64 = Release|x64
		Release|x86 = Release|x86
	EndGlobalSection
	GlobalSection(ProjectConfigurationPlatforms) = postSolution
		{503EAC82-8FF2-409C-8E3B-51ABCEF34116}.Debug|Any CPU.ActiveCfg = Debug|Any CPU
		{503EAC82-8FF2-409C-8E3B-51ABCEF34116}.Debug|Any CPU.Build.0 = Debug|Any CPU
		{503EAC82-8FF2-409C-8E3B-51ABCEF34116}.Debug|x64.ActiveCfg = Debug|Any CPU
		{503EAC82-8FF2-409C-8E3B-51ABCEF34116}.Debug|x64.Build.0 = Debug|Any CPU
		{503EAC82-8FF2-409C-8E3B-51ABCEF34116}.Debug|x86.ActiveCfg = Debug|Any CPU
		{503EAC82-8FF2-409C-8E3B-51ABCEF34116}.Debug|x86.Build.0 = Debug|Any CPU
		{503EAC82-8FF2-409C-8E3B-51ABCEF34116}.Release|Any CPU.ActiveCfg = Release|Any CPU
		{503EAC82-8FF2-409C-8E3B-51ABCEF34116}.Release|Any CPU.Build.0 = Release|Any CPU
		{503EAC82-8FF2-409C-8E3B-51ABCEF34116}.Release|x64.ActiveCfg = Release|Any CPU
		{503EAC82-8FF2-409C-8E3B-51ABCEF34116}.Release|x64.Build.0 = Release|Any CPU
		{503EAC82-8FF2-409C-8E3B-51ABCEF34116}.Release|x86.ActiveCfg = Release|Any CPU
		{503EAC82-8FF2-409C-8E3B-51ABCEF34116}.Release|x86.Build.0 = Release|Any CPU
	EndGlobalSection
	GlobalSection(SolutionProperties) = preSolution
		HideSolutionNode = FALSE
	EndGlobalSection
	GlobalSection(ExtensibilityGlobals) = postSolution
		SolutionGuid = {EE74ADE9-3695-4278-95C4-C8140E066523}
	EndGlobalSection
EndGlobal
